{
  "name": "tweet-client",
  "version": "1.0.0",
  "lockfileVersion": 1,
  "requires": true,
  "dependencies": {
    "qs": {
      "version": "0.3.2",
      "resolved": "http://maven.idcos.net:8081/repository/npm-idcos/qs/-/qs-0.3.2.tgz",
      "integrity": "sha1-CZ30RMq5R7utsr/t2lbTNRnWgVw="
    },
    "superagent": {
      "version": "0.3.0",
      "resolved": "http://maven.idcos.net:8081/repository/npm-idcos/superagent/-/superagent-0.3.0.tgz",
      "integrity": "sha1-rf8+GVLGjwkQThAScovmmX5oHfQ=",
      "requires": {
        "qs": "0.3.2"
      }
    }
  }
}
